
Microsoft Visual Studio Solution File, Format Version 12.00
# Visual Studio Version 16
VisualStudioVersion = 16.0.31829.152
MinimumVisualStudioVersion = 10.0.40219.1
Project("{FAE04EC0-301F-11D3-BF4B-00C04F79EFBC}") = "Wpf_10", "Wpf_10\Wpf_10.csproj", "{B9B198CD-7A49-41EC-B264-641125D350F7}"
EndProject
Global
	GlobalSection(SolutionConfigurationPlatforms) = preSolution
		Debug|Any CPU = Debug|Any CPU
		Release|Any CPU = Release|Any CPU
	EndGlobalSection
	GlobalSection(ProjectConfigurationPlatforms) = postSolution
		{B9B198CD-7A49-41EC-B264-641125D350F7}.Debug|Any CPU.ActiveCfg = Debug|Any CPU
		{B9B198CD-7A49-41EC-B264-641125D350F7}.Debug|Any CPU.Build.0 = Debug|Any CPU
		{B9B198CD-7A49-41EC-B264-641125D350F7}.Release|Any CPU.ActiveCfg = Release|Any CPU
		{B9B198CD-7A49-41EC-B264-641125D350F7}.Release|Any CPU.Build.0 = Release|Any CPU
	EndGlobalSection
	GlobalSection(SolutionProperties) = preSolution
		HideSolutionNode = FALSE
	EndGlobalSection
	GlobalSection(ExtensibilityGlobals) = postSolution
		SolutionGuid = {BA1F8E8C-7A33-4EED-808C-B100E59C19F7}
	EndGlobalSection
EndGlobal
